
Microsoft Visual Studio Solution File, Format Version 12.00
# Visual Studio Version 17
VisualStudioVersion = 17.7.34009.444
MinimumVisualStudioVersion = 10.0.40219.1
Project("{FAE04EC0-301F-11D3-BF4B-00C04F79EFBC}") = "Core", "Core\Core.csproj", "{CE053209-BF48-4342-B798-BA32369B833E}"
EndProject
Project("{FAE04EC0-301F-11D3-BF4B-00C04F79EFBC}") = "Console", "Console\Console.csproj", "{6EB3990E-0A13-4963-84EF-34BDA1AE5D24}"
EndProject
Project("{FAE04EC0-301F-11D3-BF4B-00C04F79EFBC}") = "Infrastructure", "Infrastructure\Infrastructure.csproj", "{DDFA6879-D4BD-4E8D-A69F-7D7F5FBBAB67}"
EndProject
Global
	GlobalSection(SolutionConfigurationPlatforms) = preSolution
		Debug|Any CPU = Debug|Any CPU
		Release|Any CPU = Release|Any CPU
	EndGlobalSection
	GlobalSection(ProjectConfigurationPlatforms) = postSolution
		{CE053209-BF48-4342-B798-BA32369B833E}.Debug|Any CPU.ActiveCfg = Debug|Any CPU
		{CE053209-BF48-4342-B798-BA32369B833E}.Debug|Any CPU.Build.0 = Debug|Any CPU
		{CE053209-BF48-4342-B798-BA32369B833E}.Release|Any CPU.ActiveCfg = Release|Any CPU
		{CE053209-BF48-4342-B798-BA32369B833E}.Release|Any CPU.Build.0 = Release|Any CPU
		{6EB3990E-0A13-4963-84EF-34BDA1AE5D24}.Debug|Any CPU.ActiveCfg = Debug|Any CPU
		{6EB3990E-0A13-4963-84EF-34BDA1AE5D24}.Debug|Any CPU.Build.0 = Debug|Any CPU
		{6EB3990E-0A13-4963-84EF-34BDA1AE5D24}.Release|Any CPU.ActiveCfg = Release|Any CPU
		{6EB3990E-0A13-4963-84EF-34BDA1AE5D24}.Release|Any CPU.Build.0 = Release|Any CPU
		{DDFA6879-D4BD-4E8D-A69F-7D7F5FBBAB67}.Debug|Any CPU.ActiveCfg = Debug|Any CPU
		{DDFA6879-D4BD-4E8D-A69F-7D7F5FBBAB67}.Debug|Any CPU.Build.0 = Debug|Any CPU
		{DDFA6879-D4BD-4E8D-A69F-7D7F5FBBAB67}.Release|Any CPU.ActiveCfg = Release|Any CPU
		{DDFA6879-D4BD-4E8D-A69F-7D7F5FBBAB67}.Release|Any CPU.Build.0 = Release|Any CPU
	EndGlobalSection
	GlobalSection(SolutionProperties) = preSolution
		HideSolutionNode = FALSE
	EndGlobalSection
	GlobalSection(ExtensibilityGlobals) = postSolution
		SolutionGuid = {FD22ABAC-73B4-4978-8660-E96C7E90972B}
	EndGlobalSection
EndGlobal
